
Microsoft Visual Studio Solution File, Format Version 12.00
# Visual Studio Version 17
VisualStudioVersion = 17.0.32002.185
MinimumVisualStudioVersion = 10.0.40219.1
Project("{FAE04EC0-301F-11D3-BF4B-00C04F79EFBC}") = "LadaTest7", "LadaTest7\LadaTest7.csproj", "{716C9C59-1116-4F7A-ABB4-7F6FE382D331}"
EndProject
Global
	GlobalSection(SolutionConfigurationPlatforms) = preSolution
		Debug|Any CPU = Debug|Any CPU
		Release|Any CPU = Release|Any CPU
	EndGlobalSection
	GlobalSection(ProjectConfigurationPlatforms) = postSolution
		{716C9C59-1116-4F7A-ABB4-7F6FE382D331}.Debug|Any CPU.ActiveCfg = Debug|Any CPU
		{716C9C59-1116-4F7A-ABB4-7F6FE382D331}.Debug|Any CPU.Build.0 = Debug|Any CPU
		{716C9C59-1116-4F7A-ABB4-7F6FE382D331}.Release|Any CPU.ActiveCfg = Release|Any CPU
		{716C9C59-1116-4F7A-ABB4-7F6FE382D331}.Release|Any CPU.Build.0 = Release|Any CPU
	EndGlobalSection
	GlobalSection(SolutionProperties) = preSolution
		HideSolutionNode = FALSE
	EndGlobalSection
	GlobalSection(ExtensibilityGlobals) = postSolution
		SolutionGuid = {45D575CC-A515-49CE-B7F5-1F6ABB115E3B}
	EndGlobalSection
EndGlobal
